{
  "requires": true,
  "lockfileVersion": 1,
  "dependencies": {
    "howler": {
      "version": "2.0.8",
      "resolved": "https://registry.npmjs.org/howler/-/howler-2.0.8.tgz",
      "integrity": "sha512-58AIPcjuA2WJ+LEpO7Rrj4b0SV54rBhR85IzERaKfcojw/OQWBPDnhYqcyu3gwGOLdTrvXmgEzPy92YFoMG3bw=="
    },
    "keypress.js": {
      "version": "2.1.5",
      "resolved": "https://registry.npmjs.org/keypress.js/-/keypress.js-2.1.5.tgz",
      "integrity": "sha512-PQpeWxG6vNuTT0Gq20LyAzqSpeBWtQ6DTYIJB7JMJEetgF730Om9e6y82GdEv06o1iaJiH1hh2JpSOXK3zIAdA=="
    }
  }
}
